{
  "object": {
    "pins": [
      {
        "package": "StringCase",
        "repositoryURL": "https://github.com/ValentinWalter/StringCase",
        "state": {
          "branch": "master",
          "revision": "25be31eb5dd9b501b9cbe9e64ffc4a11f89ccc5b",
          "version": null
        }
      },
      {
        "package": "swift-argument-parser",
        "repositoryURL": "https://github.com/apple/swift-argument-parser",
        "state": {
          "branch": null,
          "revision": "223d62adc52d51669ae2ee19bdb8b7d9fd6fcd9c",
          "version": "0.0.6"
        }
      }
    ]
  },
  "version": 1
}
